
Microsoft Visual Studio Solution File, Format Version 12.00
# Visual Studio Version 17
VisualStudioVersion = 17.5.33502.453
MinimumVisualStudioVersion = 10.0.40219.1
Project("{8BC9CEB8-8B4A-11D0-8D11-00A0C91BC942}") = "Fall_Velocity23", "Fall_Velocity23.vcxproj", "{7CFB58C6-EF79-4334-BEA9-479B7B215069}"
EndProject
Global
	GlobalSection(SolutionConfigurationPlatforms) = preSolution
		Debug|x64 = Debug|x64
		Debug|x86 = Debug|x86
		Release|x64 = Release|x64
		Release|x86 = Release|x86
	EndGlobalSection
	GlobalSection(ProjectConfigurationPlatforms) = postSolution
		{7CFB58C6-EF79-4334-BEA9-479B7B215069}.Debug|x64.ActiveCfg = Debug|x64
		{7CFB58C6-EF79-4334-BEA9-479B7B215069}.Debug|x64.Build.0 = Debug|x64
		{7CFB58C6-EF79-4334-BEA9-479B7B215069}.Debug|x86.ActiveCfg = Debug|Win32
		{7CFB58C6-EF79-4334-BEA9-479B7B215069}.Debug|x86.Build.0 = Debug|Win32
		{7CFB58C6-EF79-4334-BEA9-479B7B215069}.Release|x64.ActiveCfg = Release|x64
		{7CFB58C6-EF79-4334-BEA9-479B7B215069}.Release|x64.Build.0 = Release|x64
		{7CFB58C6-EF79-4334-BEA9-479B7B215069}.Release|x86.ActiveCfg = Release|Win32
		{7CFB58C6-EF79-4334-BEA9-479B7B215069}.Release|x86.Build.0 = Release|Win32
	EndGlobalSection
	GlobalSection(SolutionProperties) = preSolution
		HideSolutionNode = FALSE
	EndGlobalSection
	GlobalSection(ExtensibilityGlobals) = postSolution
		SolutionGuid = {C409BD90-6A70-47C7-8F50-FCEC09785236}
	EndGlobalSection
EndGlobal
